
Microsoft Visual Studio Solution File, Format Version 12.00
# Visual Studio Version 18
VisualStudioVersion = 18.3.11206.111
MinimumVisualStudioVersion = 10.0.40219.1
Project("{2150E333-8FDC-42A3-9474-1A3956D46DE8}") = "src", "src", "{02EA681E-C7D8-13C7-8484-4AC65E1B71E8}"
EndProject
Project("{FAE04EC0-301F-11D3-BF4B-00C04F79EFBC}") = "TestEducation.API", "src\TestEducation.API\TestEducation.API.csproj", "{E03F01FB-2E33-9724-2336-D516FDC8188A}"
EndProject
Project("{FAE04EC0-301F-11D3-BF4B-00C04F79EFBC}") = "TestEducation.Aplication", "src\TestEducation.Aplication\TestEducation.Aplication.csproj", "{176ABB48-5355-2519-151F-D33C84B160F4}"
EndProject
Project("{FAE04EC0-301F-11D3-BF4B-00C04F79EFBC}") = "TestEducation.DataAcces", "src\TestEducation.DataAcces\TestEducation.DataAcces.csproj", "{65A919A7-922A-6657-1CCF-357E666960C5}"
EndProject
Project("{FAE04EC0-301F-11D3-BF4B-00C04F79EFBC}") = "TestEducation.Domain", "src\TestEducation.Domain\TestEducation.Domain.csproj", "{03CF63A4-8446-CC47-63DC-9A18E3F25529}"
EndProject
Project("{E53339B2-1760-4266-BCC7-CA923CBCF16C}") = "docker-compose", "docker-compose.dcproj", "{81DDED9D-158B-E303-5F62-77A2896D2A5A}"
EndProject
Global
	GlobalSection(SolutionConfigurationPlatforms) = preSolution
		Debug|Any CPU = Debug|Any CPU
		Release|Any CPU = Release|Any CPU
	EndGlobalSection
	GlobalSection(ProjectConfigurationPlatforms) = postSolution
		{E03F01FB-2E33-9724-2336-D516FDC8188A}.Debug|Any CPU.ActiveCfg = Debug|Any CPU
		{E03F01FB-2E33-9724-2336-D516FDC8188A}.Debug|Any CPU.Build.0 = Debug|Any CPU
		{E03F01FB-2E33-9724-2336-D516FDC8188A}.Release|Any CPU.ActiveCfg = Release|Any CPU
		{E03F01FB-2E33-9724-2336-D516FDC8188A}.Release|Any CPU.Build.0 = Release|Any CPU
		{176ABB48-5355-2519-151F-D33C84B160F4}.Debug|Any CPU.ActiveCfg = Debug|Any CPU
		{176ABB48-5355-2519-151F-D33C84B160F4}.Debug|Any CPU.Build.0 = Debug|Any CPU
		{176ABB48-5355-2519-151F-D33C84B160F4}.Release|Any CPU.ActiveCfg = Release|Any CPU
		{176ABB48-5355-2519-151F-D33C84B160F4}.Release|Any CPU.Build.0 = Release|Any CPU
		{65A919A7-922A-6657-1CCF-357E666960C5}.Debug|Any CPU.ActiveCfg = Debug|Any CPU
		{65A919A7-922A-6657-1CCF-357E666960C5}.Debug|Any CPU.Build.0 = Debug|Any CPU
		{65A919A7-922A-6657-1CCF-357E666960C5}.Release|Any CPU.ActiveCfg = Release|Any CPU
		{65A919A7-922A-6657-1CCF-357E666960C5}.Release|Any CPU.Build.0 = Release|Any CPU
		{03CF63A4-8446-CC47-63DC-9A18E3F25529}.Debug|Any CPU.ActiveCfg = Debug|Any CPU
		{03CF63A4-8446-CC47-63DC-9A18E3F25529}.Debug|Any CPU.Build.0 = Debug|Any CPU
		{03CF63A4-8446-CC47-63DC-9A18E3F25529}.Release|Any CPU.ActiveCfg = Release|Any CPU
		{03CF63A4-8446-CC47-63DC-9A18E3F25529}.Release|Any CPU.Build.0 = Release|Any CPU
		{81DDED9D-158B-E303-5F62-77A2896D2A5A}.Debug|Any CPU.ActiveCfg = Debug|Any CPU
		{81DDED9D-158B-E303-5F62-77A2896D2A5A}.Debug|Any CPU.Build.0 = Debug|Any CPU
		{81DDED9D-158B-E303-5F62-77A2896D2A5A}.Release|Any CPU.ActiveCfg = Release|Any CPU
		{81DDED9D-158B-E303-5F62-77A2896D2A5A}.Release|Any CPU.Build.0 = Release|Any CPU
	EndGlobalSection
	GlobalSection(SolutionProperties) = preSolution
		HideSolutionNode = FALSE
	EndGlobalSection
	GlobalSection(NestedProjects) = preSolution
		{E03F01FB-2E33-9724-2336-D516FDC8188A} = {02EA681E-C7D8-13C7-8484-4AC65E1B71E8}
		{176ABB48-5355-2519-151F-D33C84B160F4} = {02EA681E-C7D8-13C7-8484-4AC65E1B71E8}
		{65A919A7-922A-6657-1CCF-357E666960C5} = {02EA681E-C7D8-13C7-8484-4AC65E1B71E8}
		{03CF63A4-8446-CC47-63DC-9A18E3F25529} = {02EA681E-C7D8-13C7-8484-4AC65E1B71E8}
	EndGlobalSection
	GlobalSection(ExtensibilityGlobals) = postSolution
		SolutionGuid = {263DE81F-825E-4D04-AEB3-D78DDB24216F}
	EndGlobalSection
EndGlobal
